
Microsoft Visual Studio Solution File, Format Version 10.00
# Visual Studio 2008
Project("{FAE04EC0-301F-11D3-BF4B-00C04F79EFBC}") = "BlogSharp.Core.Impl.Tests", "BlogSharp.Core.Impl.Tests\BlogSharp.Core.Impl.Tests.csproj", "{9EF3CB57-F0D5-4252-99C1-7B8793BEAD85}"
EndProject
Project("{FAE04EC0-301F-11D3-BF4B-00C04F79EFBC}") = "BlogSharp.CastleExtensions", "BlogSharp.CastleExtensions\BlogSharp.CastleExtensions.csproj", "{3310EA27-977F-4ED8-81F8-9484AC8EB757}"
EndProject
Project("{FAE04EC0-301F-11D3-BF4B-00C04F79EFBC}") = "BlogSharp.CastleExtensions.Tests", "BlogSharp.CastleExtensions.Tests\BlogSharp.CastleExtensions.Tests.csproj", "{BA5E82A2-BE03-40E2-B834-021F25B49862}"
EndProject
Project("{FAE04EC0-301F-11D3-BF4B-00C04F79EFBC}") = "BlogSharp.Web", "BlogSharp.Web\BlogSharp.Web.csproj", "{FD1F0595-EF35-4CFD-87E2-1E5F7E170026}"
EndProject
Project("{FAE04EC0-301F-11D3-BF4B-00C04F79EFBC}") = "BlogSharp.Web.Tests", "BlogSharp.Web.Tests\BlogSharp.Web.Tests.csproj", "{F1045769-5738-438A-AAE8-F898DDC192E8}"
EndProject
Project("{FAE04EC0-301F-11D3-BF4B-00C04F79EFBC}") = "BlogSharp.MvcExtensions", "BlogSharp.MvcExtensions\BlogSharp.MvcExtensions.csproj", "{2925BBF2-86E3-4231-B0C9-AF4E4D02317E}"
EndProject
Project("{FAE04EC0-301F-11D3-BF4B-00C04F79EFBC}") = "BlogSharp.MvcExtensions.Tests", "BlogSharp.MvcExtensions.Tests\BlogSharp.MvcExtensions.Tests.csproj", "{95374662-013A-4D2D-AE0E-DF3182DD642C}"
EndProject
Project("{FAE04EC0-301F-11D3-BF4B-00C04F79EFBC}") = "BlogSharp.Core", "BlogSharp.Core\BlogSharp.Core.csproj", "{ABDABEBC-B92A-4F36-AC07-6874B4932C21}"
EndProject
Project("{FAE04EC0-301F-11D3-BF4B-00C04F79EFBC}") = "BlogSharp.Core.Impl", "BlogSharp.Core.Impl\BlogSharp.Core.Impl.csproj", "{71467906-275B-46B0-97FD-4FAB644448B6}"
EndProject
Project("{FAE04EC0-301F-11D3-BF4B-00C04F79EFBC}") = "BlogSharp.Model", "BlogSharp.Model\BlogSharp.Model.csproj", "{ACD93612-B2E7-4D51-9127-C306EF1F386C}"
EndProject
Project("{FAE04EC0-301F-11D3-BF4B-00C04F79EFBC}") = "BlogSharp.Model.Tests", "BlogSharp.Model.Tests\BlogSharp.Model.Tests.csproj", "{49F9553E-CB6B-4AED-8FC5-ED0676E1D710}"
EndProject
Project("{2150E333-8FDC-42A3-9474-1A3956D46DE8}") = "CastleExtensions", "CastleExtensions", "{CFD2B94A-DB31-433E-A9BB-54C553C2521D}"
EndProject
Project("{2150E333-8FDC-42A3-9474-1A3956D46DE8}") = "DataAccess", "DataAccess", "{4BA237E6-3243-493F-A4F1-8C7F7B03B6F3}"
EndProject
Project("{2150E333-8FDC-42A3-9474-1A3956D46DE8}") = "Web", "Web", "{96F9E349-A9B3-408B-99EB-F38E742412B4}"
EndProject
Project("{2150E333-8FDC-42A3-9474-1A3956D46DE8}") = "Core", "Core", "{C16E4D51-AE11-4634-9E32-6AF82F31F421}"
EndProject
Project("{FAE04EC0-301F-11D3-BF4B-00C04F79EFBC}") = "BlogSharp.NHibernate", "BlogSharp.NHibernate\BlogSharp.NHibernate.csproj", "{0676A837-82B2-45CF-B97A-8011211F1779}"
EndProject
Project("{FAE04EC0-301F-11D3-BF4B-00C04F79EFBC}") = "BlogSharp.NHibernate.Tests", "BlogSharp.NHibernate.Tests\BlogSharp.NHibernate.Tests.csproj", "{0BDF5C37-165C-4EAC-8706-D54BE7F93F9F}"
EndProject
Project("{2150E333-8FDC-42A3-9474-1A3956D46DE8}") = "Shared Libs", "Shared Libs", "{C5D02BD2-23E1-4E40-9B91-E1F0E0239E07}"
	ProjectSection(SolutionItems) = preProject
		SharedLibs\Castle.Core.dll = SharedLibs\Castle.Core.dll
		SharedLibs\Castle.Core.xml = SharedLibs\Castle.Core.xml
		SharedLibs\Castle.DynamicProxy.dll = SharedLibs\Castle.DynamicProxy.dll
		SharedLibs\Castle.DynamicProxy.xml = SharedLibs\Castle.DynamicProxy.xml
		SharedLibs\Castle.DynamicProxy2.dll = SharedLibs\Castle.DynamicProxy2.dll
		SharedLibs\Castle.DynamicProxy2.xml = SharedLibs\Castle.DynamicProxy2.xml
		SharedLibs\Castle.Facilities.AutomaticTransactionManagement.dll = SharedLibs\Castle.Facilities.AutomaticTransactionManagement.dll
		SharedLibs\Castle.Facilities.AutomaticTransactionManagement.xml = SharedLibs\Castle.Facilities.AutomaticTransactionManagement.xml
		SharedLibs\Castle.Facilities.NHibernateIntegration.dll = SharedLibs\Castle.Facilities.NHibernateIntegration.dll
		SharedLibs\Castle.Facilities.NHibernateIntegration.xml = SharedLibs\Castle.Facilities.NHibernateIntegration.xml
		SharedLibs\Castle.MicroKernel.dll = SharedLibs\Castle.MicroKernel.dll
		SharedLibs\Castle.MicroKernel.xml = SharedLibs\Castle.MicroKernel.xml
		SharedLibs\Castle.Services.Transaction.dll = SharedLibs\Castle.Services.Transaction.dll
		SharedLibs\Castle.Services.Transaction.xml = SharedLibs\Castle.Services.Transaction.xml
		SharedLibs\Castle.Windsor.dll = SharedLibs\Castle.Windsor.dll
		SharedLibs\Castle.Windsor.xml = SharedLibs\Castle.Windsor.xml
		SharedLibs\Db4objects.Db4o.CS.dll = SharedLibs\Db4objects.Db4o.CS.dll
		SharedLibs\Db4objects.Db4o.CS.xml = SharedLibs\Db4objects.Db4o.CS.xml
		SharedLibs\Db4objects.Db4o.dll = SharedLibs\Db4objects.Db4o.dll
		SharedLibs\Db4objects.Db4o.Instrumentation.dll = SharedLibs\Db4objects.Db4o.Instrumentation.dll
		SharedLibs\Db4objects.Db4o.Instrumentation.xml = SharedLibs\Db4objects.Db4o.Instrumentation.xml
		SharedLibs\Db4objects.Db4o.Linq.dll = SharedLibs\Db4objects.Db4o.Linq.dll
		SharedLibs\Db4objects.Db4o.NativeQueries.dll = SharedLibs\Db4objects.Db4o.NativeQueries.dll
		SharedLibs\Db4objects.Db4o.NativeQueries.xml = SharedLibs\Db4objects.Db4o.NativeQueries.xml
		SharedLibs\Db4objects.Db4o.xml = SharedLibs\Db4objects.Db4o.xml
		SharedLibs\FluentNHibernate.dll = SharedLibs\FluentNHibernate.dll
		SharedLibs\FluentValidation.dll = SharedLibs\FluentValidation.dll
		SharedLibs\Iesi.Collections.dll = SharedLibs\Iesi.Collections.dll
		SharedLibs\Iesi.Collections.xml = SharedLibs\Iesi.Collections.xml
		SharedLibs\Interop.SparkLanguagePackageLib.dll = SharedLibs\Interop.SparkLanguagePackageLib.dll
		SharedLibs\Ionic.Utils.Zip.dll = SharedLibs\Ionic.Utils.Zip.dll
		SharedLibs\Ionic.Utils.Zip.XML = SharedLibs\Ionic.Utils.Zip.XML
		SharedLibs\Kennedy.TxFiles.dll = SharedLibs\Kennedy.TxFiles.dll
		SharedLibs\log4net.dll = SharedLibs\log4net.dll
		SharedLibs\log4net.xml = SharedLibs\log4net.xml
		SharedLibs\Microsoft.Web.Mvc.dll = SharedLibs\Microsoft.Web.Mvc.dll
		SharedLibs\Mono.Cecil.dll = SharedLibs\Mono.Cecil.dll
		SharedLibs\MvcContrib.dll = SharedLibs\MvcContrib.dll
		SharedLibs\MvcContrib.FluentHtml.dll = SharedLibs\MvcContrib.FluentHtml.dll
		SharedLibs\MvcContrib.FluentHtml.xml = SharedLibs\MvcContrib.FluentHtml.xml
		SharedLibs\MvcContrib.SparkViewEngine.dll = SharedLibs\MvcContrib.SparkViewEngine.dll
		SharedLibs\MvcContrib.XML = SharedLibs\MvcContrib.XML
		SharedLibs\NHibernate.ByteCode.Castle.dll = SharedLibs\NHibernate.ByteCode.Castle.dll
		SharedLibs\NHibernate.ByteCode.Castle.xml = SharedLibs\NHibernate.ByteCode.Castle.xml
		SharedLibs\NHibernate.dll = SharedLibs\NHibernate.dll
		SharedLibs\NHibernate.Linq.dll = SharedLibs\NHibernate.Linq.dll
		SharedLibs\NHibernate.xml = SharedLibs\NHibernate.xml
		SharedLibs\nunit.core.dll = SharedLibs\nunit.core.dll
		SharedLibs\nunit.core.extensions.dll = SharedLibs\nunit.core.extensions.dll
		SharedLibs\nunit.framework.dll = SharedLibs\nunit.framework.dll
		SharedLibs\nunit.framework.extensions.dll = SharedLibs\nunit.framework.extensions.dll
		SharedLibs\nunit.framework.xml = SharedLibs\nunit.framework.xml
		SharedLibs\NVelocity.dll = SharedLibs\NVelocity.dll
		SharedLibs\NVelocity.xml = SharedLibs\NVelocity.xml
		SharedLibs\pnunit.framework.dll = SharedLibs\pnunit.framework.dll
		SharedLibs\pnunit.framework.xml = SharedLibs\pnunit.framework.xml
		SharedLibs\Rhino.Mocks.dll = SharedLibs\Rhino.Mocks.dll
		SharedLibs\Rhino.Mocks.xml = SharedLibs\Rhino.Mocks.xml
		SharedLibs\Spark.dll = SharedLibs\Spark.dll
		SharedLibs\Spark.Web.Mvc.dll = SharedLibs\Spark.Web.Mvc.dll
		SharedLibs\SparkLanguage.dll = SharedLibs\SparkLanguage.dll
		SharedLibs\System.Web.Abstractions.dll = SharedLibs\System.Web.Abstractions.dll
		SharedLibs\System.Web.Mvc.dll = SharedLibs\System.Web.Mvc.dll
		SharedLibs\System.Web.Mvc.xml = SharedLibs\System.Web.Mvc.xml
		SharedLibs\System.Web.Routing.dll = SharedLibs\System.Web.Routing.dll
		SharedLibs\xVal.dll = SharedLibs\xVal.dll
	EndProjectSection
EndProject
Global
	GlobalSection(SolutionConfigurationPlatforms) = preSolution
		Debug|Any CPU = Debug|Any CPU
		Release|Any CPU = Release|Any CPU
	EndGlobalSection
	GlobalSection(ProjectConfigurationPlatforms) = postSolution
		{9EF3CB57-F0D5-4252-99C1-7B8793BEAD85}.Debug|Any CPU.ActiveCfg = Debug|Any CPU
		{9EF3CB57-F0D5-4252-99C1-7B8793BEAD85}.Debug|Any CPU.Build.0 = Debug|Any CPU
		{9EF3CB57-F0D5-4252-99C1-7B8793BEAD85}.Release|Any CPU.ActiveCfg = Release|Any CPU
		{9EF3CB57-F0D5-4252-99C1-7B8793BEAD85}.Release|Any CPU.Build.0 = Release|Any CPU
		{3310EA27-977F-4ED8-81F8-9484AC8EB757}.Debug|Any CPU.ActiveCfg = Debug|Any CPU
		{3310EA27-977F-4ED8-81F8-9484AC8EB757}.Debug|Any CPU.Build.0 = Debug|Any CPU
		{3310EA27-977F-4ED8-81F8-9484AC8EB757}.Release|Any CPU.ActiveCfg = Release|Any CPU
		{3310EA27-977F-4ED8-81F8-9484AC8EB757}.Release|Any CPU.Build.0 = Release|Any CPU
		{BA5E82A2-BE03-40E2-B834-021F25B49862}.Debug|Any CPU.ActiveCfg = Debug|Any CPU
		{BA5E82A2-BE03-40E2-B834-021F25B49862}.Debug|Any CPU.Build.0 = Debug|Any CPU
		{BA5E82A2-BE03-40E2-B834-021F25B49862}.Release|Any CPU.ActiveCfg = Release|Any CPU
		{BA5E82A2-BE03-40E2-B834-021F25B49862}.Release|Any CPU.Build.0 = Release|Any CPU
		{FD1F0595-EF35-4CFD-87E2-1E5F7E170026}.Debug|Any CPU.ActiveCfg = Debug|Any CPU
		{FD1F0595-EF35-4CFD-87E2-1E5F7E170026}.Debug|Any CPU.Build.0 = Debug|Any CPU
		{FD1F0595-EF35-4CFD-87E2-1E5F7E170026}.Release|Any CPU.ActiveCfg = Release|Any CPU
		{FD1F0595-EF35-4CFD-87E2-1E5F7E170026}.Release|Any CPU.Build.0 = Release|Any CPU
		{F1045769-5738-438A-AAE8-F898DDC192E8}.Debug|Any CPU.ActiveCfg = Debug|Any CPU
		{F1045769-5738-438A-AAE8-F898DDC192E8}.Debug|Any CPU.Build.0 = Debug|Any CPU
		{F1045769-5738-438A-AAE8-F898DDC192E8}.Release|Any CPU.ActiveCfg = Release|Any CPU
		{F1045769-5738-438A-AAE8-F898DDC192E8}.Release|Any CPU.Build.0 = Release|Any CPU
		{2925BBF2-86E3-4231-B0C9-AF4E4D02317E}.Debug|Any CPU.ActiveCfg = Debug|Any CPU
		{2925BBF2-86E3-4231-B0C9-AF4E4D02317E}.Debug|Any CPU.Build.0 = Debug|Any CPU
		{2925BBF2-86E3-4231-B0C9-AF4E4D02317E}.Release|Any CPU.ActiveCfg = Release|Any CPU
		{2925BBF2-86E3-4231-B0C9-AF4E4D02317E}.Release|Any CPU.Build.0 = Release|Any CPU
		{95374662-013A-4D2D-AE0E-DF3182DD642C}.Debug|Any CPU.ActiveCfg = Debug|Any CPU
		{95374662-013A-4D2D-AE0E-DF3182DD642C}.Debug|Any CPU.Build.0 = Debug|Any CPU
		{95374662-013A-4D2D-AE0E-DF3182DD642C}.Release|Any CPU.ActiveCfg = Release|Any CPU
		{95374662-013A-4D2D-AE0E-DF3182DD642C}.Release|Any CPU.Build.0 = Release|Any CPU
		{ABDABEBC-B92A-4F36-AC07-6874B4932C21}.Debug|Any CPU.ActiveCfg = Debug|Any CPU
		{ABDABEBC-B92A-4F36-AC07-6874B4932C21}.Debug|Any CPU.Build.0 = Debug|Any CPU
		{ABDABEBC-B92A-4F36-AC07-6874B4932C21}.Release|Any CPU.ActiveCfg = Release|Any CPU
		{ABDABEBC-B92A-4F36-AC07-6874B4932C21}.Release|Any CPU.Build.0 = Release|Any CPU
		{71467906-275B-46B0-97FD-4FAB644448B6}.Debug|Any CPU.ActiveCfg = Debug|Any CPU
		{71467906-275B-46B0-97FD-4FAB644448B6}.Debug|Any CPU.Build.0 = Debug|Any CPU
		{71467906-275B-46B0-97FD-4FAB644448B6}.Release|Any CPU.ActiveCfg = Release|Any CPU
		{71467906-275B-46B0-97FD-4FAB644448B6}.Release|Any CPU.Build.0 = Release|Any CPU
		{ACD93612-B2E7-4D51-9127-C306EF1F386C}.Debug|Any CPU.ActiveCfg = Debug|Any CPU
		{ACD93612-B2E7-4D51-9127-C306EF1F386C}.Debug|Any CPU.Build.0 = Debug|Any CPU
		{ACD93612-B2E7-4D51-9127-C306EF1F386C}.Release|Any CPU.ActiveCfg = Release|Any CPU
		{ACD93612-B2E7-4D51-9127-C306EF1F386C}.Release|Any CPU.Build.0 = Release|Any CPU
		{49F9553E-CB6B-4AED-8FC5-ED0676E1D710}.Debug|Any CPU.ActiveCfg = Debug|Any CPU
		{49F9553E-CB6B-4AED-8FC5-ED0676E1D710}.Debug|Any CPU.Build.0 = Debug|Any CPU
		{49F9553E-CB6B-4AED-8FC5-ED0676E1D710}.Release|Any CPU.ActiveCfg = Release|Any CPU
		{49F9553E-CB6B-4AED-8FC5-ED0676E1D710}.Release|Any CPU.Build.0 = Release|Any CPU
		{0676A837-82B2-45CF-B97A-8011211F1779}.Debug|Any CPU.ActiveCfg = Debug|Any CPU
		{0676A837-82B2-45CF-B97A-8011211F1779}.Debug|Any CPU.Build.0 = Debug|Any CPU
		{0676A837-82B2-45CF-B97A-8011211F1779}.Release|Any CPU.ActiveCfg = Release|Any CPU
		{0676A837-82B2-45CF-B97A-8011211F1779}.Release|Any CPU.Build.0 = Release|Any CPU
		{0BDF5C37-165C-4EAC-8706-D54BE7F93F9F}.Debug|Any CPU.ActiveCfg = Debug|Any CPU
		{0BDF5C37-165C-4EAC-8706-D54BE7F93F9F}.Debug|Any CPU.Build.0 = Debug|Any CPU
		{0BDF5C37-165C-4EAC-8706-D54BE7F93F9F}.Release|Any CPU.ActiveCfg = Release|Any CPU
		{0BDF5C37-165C-4EAC-8706-D54BE7F93F9F}.Release|Any CPU.Build.0 = Release|Any CPU
	EndGlobalSection
	GlobalSection(SolutionProperties) = preSolution
		HideSolutionNode = FALSE
	EndGlobalSection
	GlobalSection(NestedProjects) = preSolution
		{ABDABEBC-B92A-4F36-AC07-6874B4932C21} = {C16E4D51-AE11-4634-9E32-6AF82F31F421}
		{71467906-275B-46B0-97FD-4FAB644448B6} = {C16E4D51-AE11-4634-9E32-6AF82F31F421}
		{ACD93612-B2E7-4D51-9127-C306EF1F386C} = {C16E4D51-AE11-4634-9E32-6AF82F31F421}
		{49F9553E-CB6B-4AED-8FC5-ED0676E1D710} = {C16E4D51-AE11-4634-9E32-6AF82F31F421}
		{9EF3CB57-F0D5-4252-99C1-7B8793BEAD85} = {C16E4D51-AE11-4634-9E32-6AF82F31F421}
		{BA5E82A2-BE03-40E2-B834-021F25B49862} = {CFD2B94A-DB31-433E-A9BB-54C553C2521D}
		{3310EA27-977F-4ED8-81F8-9484AC8EB757} = {CFD2B94A-DB31-433E-A9BB-54C553C2521D}
		{F1045769-5738-438A-AAE8-F898DDC192E8} = {96F9E349-A9B3-408B-99EB-F38E742412B4}
		{2925BBF2-86E3-4231-B0C9-AF4E4D02317E} = {96F9E349-A9B3-408B-99EB-F38E742412B4}
		{95374662-013A-4D2D-AE0E-DF3182DD642C} = {96F9E349-A9B3-408B-99EB-F38E742412B4}
		{FD1F0595-EF35-4CFD-87E2-1E5F7E170026} = {96F9E349-A9B3-408B-99EB-F38E742412B4}
		{0676A837-82B2-45CF-B97A-8011211F1779} = {4BA237E6-3243-493F-A4F1-8C7F7B03B6F3}
		{0BDF5C37-165C-4EAC-8706-D54BE7F93F9F} = {4BA237E6-3243-493F-A4F1-8C7F7B03B6F3}
	EndGlobalSection
EndGlobal
